// !$*UTF8*$!
{
	archiveVersion = 1;
	classes = {
	};
	objectVersion = 50;
	objects = {

/* Begin PBXBuildFile section */
		94C9DFAE247544DA004AD1AC /* ReducerViewModel.swift in Sources */ = {isa = PBXBuildFile; fileRef = 94C9DFAD247544DA004AD1AC /* ReducerViewModel.swift */; };
		A919EF632440644F006CF32C /* AppDelegate.swift in Sources */ = {isa = PBXBuildFile; fileRef = A919EF622440644F006CF32C /* AppDelegate.swift */; };
		A919EF652440644F006CF32C /* SceneDelegate.swift in Sources */ = {isa = PBXBuildFile; fileRef = A919EF642440644F006CF32C /* SceneDelegate.swift */; };
		A919EF672440644F006CF32C /* ExampleUIViewControllerFromStoryboard.swift in Sources */ = {isa = PBXBuildFile; fileRef = A919EF662440644F006CF32C /* ExampleUIViewControllerFromStoryboard.swift */; };
		A919EF6A2440644F006CF32C /* Main.storyboard in Resources */ = {isa = PBXBuildFile; fileRef = A919EF682440644F006CF32C /* Main.storyboard */; };
		A919EF6C24406451006CF32C /* Assets.xcassets in Resources */ = {isa = PBXBuildFile; fileRef = A919EF6B24406451006CF32C /* Assets.xcassets */; };
		A919EF6F24406451006CF32C /* LaunchScreen.storyboard in Resources */ = {isa = PBXBuildFile; fileRef = A919EF6D24406451006CF32C /* LaunchScreen.storyboard */; };
		A919EF782440647B006CF32C /* ExampleViewModel.swift in Sources */ = {isa = PBXBuildFile; fileRef = A919EF772440647B006CF32C /* ExampleViewModel.swift */; };
		A93BA8722466B00D00B22D20 /* StoryboardViewControllerWrapper.swift in Sources */ = {isa = PBXBuildFile; fileRef = A93BA8712466B00D00B22D20 /* StoryboardViewControllerWrapper.swift */; };
		A9AA25602465C912006F675D /* ActivityIndicator.swift in Sources */ = {isa = PBXBuildFile; fileRef = A9AA255F2465C912006F675D /* ActivityIndicator.swift */; };
		A9F887BF2459EAE20019EC4D /* MainView.swift in Sources */ = {isa = PBXBuildFile; fileRef = A9F887BE2459EAE20019EC4D /* MainView.swift */; };
		A9F887C22459EF850019EC4D /* ExampleSwiftUIView.swift in Sources */ = {isa = PBXBuildFile; fileRef = A9F887C12459EF850019EC4D /* ExampleSwiftUIView.swift */; };
/* End PBXBuildFile section */

/* Begin PBXFileReference section */
		94C9DFAD247544DA004AD1AC /* ReducerViewModel.swift */ = {isa = PBXFileReference; fileEncoding = 4; lastKnownFileType = sourcecode.swift; name = ReducerViewModel.swift; path = ../ReducerViewModel.swift; sourceTree = "<group>"; };
		A919EF5F2440644F006CF32C /* ReducerViewModel.app */ = {isa = PBXFileReference; explicitFileType = wrapper.application; includeInIndex = 0; path = ReducerViewModel.app; sourceTree = BUILT_PRODUCTS_DIR; };
		A919EF622440644F006CF32C /* AppDelegate.swift */ = {isa = PBXFileReference; lastKnownFileType = sourcecode.swift; path = AppDelegate.swift; sourceTree = "<group>"; };
		A919EF642440644F006CF32C /* SceneDelegate.swift */ = {isa = PBXFileReference; lastKnownFileType = sourcecode.swift; path = SceneDelegate.swift; sourceTree = "<group>"; };
		A919EF662440644F006CF32C /* ExampleUIViewControllerFromStoryboard.swift */ = {isa = PBXFileReference; lastKnownFileType = sourcecode.swift; path = ExampleUIViewControllerFromStoryboard.swift; sourceTree = "<group>"; };
		A919EF692440644F006CF32C /* Base */ = {isa = PBXFileReference; lastKnownFileType = file.storyboard; name = Base; path = Base.lproj/Main.storyboard; sourceTree = "<group>"; };
		A919EF6B24406451006CF32C /* Assets.xcassets */ = {isa = PBXFileReference; lastKnownFileType = folder.assetcatalog; path = Assets.xcassets; sourceTree = "<group>"; };
		A919EF6E24406451006CF32C /* Base */ = {isa = PBXFileReference; lastKnownFileType = file.storyboard; name = Base; path = Base.lproj/LaunchScreen.storyboard; sourceTree = "<group>"; };
		A919EF7024406451006CF32C /* Info.plist */ = {isa = PBXFileReference; lastKnownFileType = text.plist.xml; path = Info.plist; sourceTree = "<group>"; };
		A919EF772440647B006CF32C /* ExampleViewModel.swift */ = {isa = PBXFileReference; lastKnownFileType = sourcecode.swift; path = ExampleViewModel.swift; sourceTree = "<group>"; };
		A93BA8712466B00D00B22D20 /* StoryboardViewControllerWrapper.swift */ = {isa = PBXFileReference; lastKnownFileType = sourcecode.swift; path = StoryboardViewControllerWrapper.swift; sourceTree = "<group>"; };
		A9AA255F2465C912006F675D /* ActivityIndicator.swift */ = {isa = PBXFileReference; lastKnownFileType = sourcecode.swift; path = ActivityIndicator.swift; sourceTree = "<group>"; };
		A9F887BE2459EAE20019EC4D /* MainView.swift */ = {isa = PBXFileReference; lastKnownFileType = sourcecode.swift; path = MainView.swift; sourceTree = "<group>"; };
		A9F887C12459EF850019EC4D /* ExampleSwiftUIView.swift */ = {isa = PBXFileReference; lastKnownFileType = sourcecode.swift; path = ExampleSwiftUIView.swift; sourceTree = "<group>"; };
/* End PBXFileReference section */

/* Begin PBXFrameworksBuildPhase section */
		A919EF5C2440644F006CF32C /* Frameworks */ = {
			isa = PBXFrameworksBuildPhase;
			buildActionMask = 2147483647;
			files = (
			);
			runOnlyForDeploymentPostprocessing = 0;
		};
/* End PBXFrameworksBuildPhase section */

/* Begin PBXGroup section */
		A919EF562440644F006CF32C = {
			isa = PBXGroup;
			children = (
				94C9DFAD247544DA004AD1AC /* ReducerViewModel.swift */,
				A919EF612440644F006CF32C /* ReducerViewModel */,
				A919EF602440644F006CF32C /* Products */,
			);
			sourceTree = "<group>";
		};
		A919EF602440644F006CF32C /* Products */ = {
			isa = PBXGroup;
			children = (
				A919EF5F2440644F006CF32C /* ReducerViewModel.app */,
			);
			name = Products;
			sourceTree = "<group>";
		};
		A919EF612440644F006CF32C /* ReducerViewModel */ = {
			isa = PBXGroup;
			children = (
				A919EF622440644F006CF32C /* AppDelegate.swift */,
				A919EF642440644F006CF32C /* SceneDelegate.swift */,
				A9F887BE2459EAE20019EC4D /* MainView.swift */,
				A9F887BD2459EA340019EC4D /* UI */,
				A9AA255E2465C901006F675D /* Helper */,
				A919EF682440644F006CF32C /* Main.storyboard */,
				A919EF6B24406451006CF32C /* Assets.xcassets */,
				A919EF6D24406451006CF32C /* LaunchScreen.storyboard */,
				A919EF7024406451006CF32C /* Info.plist */,
			);
			path = ReducerViewModel;
			sourceTree = "<group>";
		};
		A9AA255E2465C901006F675D /* Helper */ = {
			isa = PBXGroup;
			children = (
				A9AA255F2465C912006F675D /* ActivityIndicator.swift */,
				A93BA8712466B00D00B22D20 /* StoryboardViewControllerWrapper.swift */,
			);
			path = Helper;
			sourceTree = "<group>";
		};
		A9F887BD2459EA340019EC4D /* UI */ = {
			isa = PBXGroup;
			children = (
				A919EF772440647B006CF32C /* ExampleViewModel.swift */,
				A919EF662440644F006CF32C /* ExampleUIViewControllerFromStoryboard.swift */,
				A9F887C12459EF850019EC4D /* ExampleSwiftUIView.swift */,
			);
			path = UI;
			sourceTree = "<group>";
		};
/* End PBXGroup section */

/* Begin PBXNativeTarget section */
		A919EF5E2440644F006CF32C /* ReducerViewModel */ = {
			isa = PBXNativeTarget;
			buildConfigurationList = A919EF7324406451006CF32C /* Build configuration list for PBXNativeTarget "ReducerViewModel" */;
			buildPhases = (
				A919EF5B2440644F006CF32C /* Sources */,
				A919EF5C2440644F006CF32C /* Frameworks */,
				A919EF5D2440644F006CF32C /* Resources */,
			);
			buildRules = (
			);
			dependencies = (
			);
			name = ReducerViewModel;
			productName = ReducerViewModel;
			productReference = A919EF5F2440644F006CF32C /* ReducerViewModel.app */;
			productType = "com.apple.product-type.application";
		};
/* End PBXNativeTarget section */

/* Begin PBXProject section */
		A919EF572440644F006CF32C /* Project object */ = {
			isa = PBXProject;
			attributes = {
				LastSwiftUpdateCheck = 1140;
				LastUpgradeCheck = 1140;
				ORGANIZATIONNAME = "Lukas Kukacka";
				TargetAttributes = {
					A919EF5E2440644F006CF32C = {
						CreatedOnToolsVersion = 11.4;
					};
				};
			};
			buildConfigurationList = A919EF5A2440644F006CF32C /* Build configuration list for PBXProject "ReducerViewModel" */;
			compatibilityVersion = "Xcode 9.3";
			developmentRegion = en;
			hasScannedForEncodings = 0;
			knownRegions = (
				en,
				Base,
			);
			mainGroup = A919EF562440644F006CF32C;
			productRefGroup = A919EF602440644F006CF32C /* Products */;
			projectDirPath = "";
			projectRoot = "";
			targets = (
				A919EF5E2440644F006CF32C /* ReducerViewModel */,
			);
		};
/* End PBXProject section */

/* Begin PBXResourcesBuildPhase section */
		A919EF5D2440644F006CF32C /* Resources */ = {
			isa = PBXResourcesBuildPhase;
			buildActionMask = 2147483647;
			files = (
				A919EF6F24406451006CF32C /* LaunchScreen.storyboard in Resources */,
				A919EF6C24406451006CF32C /* Assets.xcassets in Resources */,
				A919EF6A2440644F006CF32C /* Main.storyboard in Resources */,
			);
			runOnlyForDeploymentPostprocessing = 0;
		};
/* End PBXResourcesBuildPhase section */

/* Begin PBXSourcesBuildPhase section */
		A919EF5B2440644F006CF32C /* Sources */ = {
			isa = PBXSourcesBuildPhase;
			buildActionMask = 2147483647;
			files = (
				A919EF672440644F006CF32C /* ExampleUIViewControllerFromStoryboard.swift in Sources */,
				A9F887BF2459EAE20019EC4D /* MainView.swift in Sources */,
				A919EF632440644F006CF32C /* AppDelegate.swift in Sources */,
				94C9DFAE247544DA004AD1AC /* ReducerViewModel.swift in Sources */,
				A93BA8722466B00D00B22D20 /* StoryboardViewControllerWrapper.swift in Sources */,
				A9AA25602465C912006F675D /* ActivityIndicator.swift in Sources */,
				A9F887C22459EF850019EC4D /* ExampleSwiftUIView.swift in Sources */,
				A919EF782440647B006CF32C /* ExampleViewModel.swift in Sources */,
				A919EF652440644F006CF32C /* SceneDelegate.swift in Sources */,
			);
			runOnlyForDeploymentPostprocessing = 0;
		};
/* End PBXSourcesBuildPhase section */

/* Begin PBXVariantGroup section */
		A919EF682440644F006CF32C /* Main.storyboard */ = {
			isa = PBXVariantGroup;
			children = (
				A919EF692440644F006CF32C /* Base */,
			);
			name = Main.storyboard;
			sourceTree = "<group>";
		};
		A919EF6D24406451006CF32C /* LaunchScreen.storyboard */ = {
			isa = PBXVariantGroup;
			children = (
				A919EF6E24406451006CF32C /* Base */,
			);
			name = LaunchScreen.storyboard;
			sourceTree = "<group>";
		};
/* End PBXVariantGroup section */

/* Begin XCBuildConfiguration section */
		A919EF7124406451006CF32C /* Debug */ = {
			isa = XCBuildConfiguration;
			buildSettings = {
				ALWAYS_SEARCH_USER_PATHS = NO;
				CLANG_ANALYZER_NONNULL = YES;
				CLANG_ANALYZER_NUMBER_OBJECT_CONVERSION = YES_AGGRESSIVE;
				CLANG_CXX_LANGUAGE_STANDARD = "gnu++14";
				CLANG_CXX_LIBRARY = "libc++";
				CLANG_ENABLE_MODULES = YES;
				CLANG_ENABLE_OBJC_ARC = YES;
				CLANG_ENABLE_OBJC_WEAK = YES;
				CLANG_WARN_BLOCK_CAPTURE_AUTORELEASING = YES;
				CLANG_WARN_BOOL_CONVERSION = YES;
				CLANG_WARN_COMMA = YES;
				CLANG_WARN_CONSTANT_CONVERSION = YES;
				CLANG_WARN_DEPRECATED_OBJC_IMPLEMENTATIONS = YES;
				CLANG_WARN_DIRECT_OBJC_ISA_USAGE = YES_ERROR;
				CLANG_WARN_DOCUMENTATION_COMMENTS = YES;
				CLANG_WARN_EMPTY_BODY = YES;
				CLANG_WARN_ENUM_CONVERSION = YES;
				CLANG_WARN_INFINITE_RECURSION = YES;
				CLANG_WARN_INT_CONVERSION = YES;
				CLANG_WARN_NON_LITERAL_NULL_CONVERSION = YES;
				CLANG_WARN_OBJC_IMPLICIT_RETAIN_SELF = YES;
				CLANG_WARN_OBJC_LITERAL_CONVERSION = YES;
				CLANG_WARN_OBJC_ROOT_CLASS = YES_ERROR;
				CLANG_WARN_RANGE_LOOP_ANALYSIS = YES;
				CLANG_WARN_STRICT_PROTOTYPES = YES;
				CLANG_WARN_SUSPICIOUS_MOVE = YES;
				CLANG_WARN_UNGUARDED_AVAILABILITY = YES_AGGRESSIVE;
				CLANG_WARN_UNREACHABLE_CODE = YES;
				CLANG_WARN__DUPLICATE_METHOD_MATCH = YES;
				COPY_PHASE_STRIP = NO;
				DEBUG_INFORMATION_FORMAT = dwarf;
				ENABLE_STRICT_OBJC_MSGSEND = YES;
				ENABLE_TESTABILITY = YES;
				GCC_C_LANGUAGE_STANDARD = gnu11;
				GCC_DYNAMIC_NO_PIC = NO;
				GCC_NO_COMMON_BLOCKS = YES;
				GCC_OPTIMIZATION_LEVEL = 0;
				GCC_PREPROCESSOR_DEFINITIONS = (
					"DEBUG=1",
					"$(inherited)",
				);
				GCC_WARN_64_TO_32_BIT_CONVERSION = YES;
				GCC_WARN_ABOUT_RETURN_TYPE = YES_ERROR;
				GCC_WARN_UNDECLARED_SELECTOR = YES;
				GCC_WARN_UNINITIALIZED_AUTOS = YES_AGGRESSIVE;
				GCC_WARN_UNUSED_FUNCTION = YES;
				GCC_WARN_UNUSED_VARIABLE = YES;
				IPHONEOS_DEPLOYMENT_TARGET = 13.4;
				MTL_ENABLE_DEBUG_INFO = INCLUDE_SOURCE;
				MTL_FAST_MATH = YES;
				ONLY_ACTIVE_ARCH = YES;
				SDKROOT = iphoneos;
				SWIFT_ACTIVE_COMPILATION_CONDITIONS = DEBUG;
				SWIFT_OPTIMIZATION_LEVEL = "-Onone";
			};
			name = Debug;
		};
		A919EF7224406451006CF32C /* Release */ = {
			isa = XCBuildConfiguration;
			buildSettings = {
				ALWAYS_SEARCH_USER_PATHS = NO;
				CLANG_ANALYZER_NONNULL = YES;
				CLANG_ANALYZER_NUMBER_OBJECT_CONVERSION = YES_AGGRESSIVE;
				CLANG_CXX_LANGUAGE_STANDARD = "gnu++14";
				CLANG_CXX_LIBRARY = "libc++";
				CLANG_ENABLE_MODULES = YES;
				CLANG_ENABLE_OBJC_ARC = YES;
				CLANG_ENABLE_OBJC_WEAK = YES;
				CLANG_WARN_BLOCK_CAPTURE_AUTORELEASING = YES;
				CLANG_WARN_BOOL_CONVERSION = YES;
				CLANG_WARN_COMMA = YES;
				CLANG_WARN_CONSTANT_CONVERSION = YES;
				CLANG_WARN_DEPRECATED_OBJC_IMPLEMENTATIONS = YES;
				CLANG_WARN_DIRECT_OBJC_ISA_USAGE = YES_ERROR;
				CLANG_WARN_DOCUMENTATION_COMMENTS = YES;
				CLANG_WARN_EMPTY_BODY = YES;
				CLANG_WARN_ENUM_CONVERSION = YES;
				CLANG_WARN_INFINITE_RECURSION = YES;
				CLANG_WARN_INT_CONVERSION = YES;
				CLANG_WARN_NON_LITERAL_NULL_CONVERSION = YES;
				CLANG_WARN_OBJC_IMPLICIT_RETAIN_SELF = YES;
				CLANG_WARN_OBJC_LITERAL_CONVERSION = YES;
				CLANG_WARN_OBJC_ROOT_CLASS = YES_ERROR;
				CLANG_WARN_RANGE_LOOP_ANALYSIS = YES;
				CLANG_WARN_STRICT_PROTOTYPES = YES;
				CLANG_WARN_SUSPICIOUS_MOVE = YES;
				CLANG_WARN_UNGUARDED_AVAILABILITY = YES_AGGRESSIVE;
				CLANG_WARN_UNREACHABLE_CODE = YES;
				CLANG_WARN__DUPLICATE_METHOD_MATCH = YES;
				COPY_PHASE_STRIP = NO;
				DEBUG_INFORMATION_FORMAT = "dwarf-with-dsym";
				ENABLE_NS_ASSERTIONS = NO;
				ENABLE_STRICT_OBJC_MSGSEND = YES;
				GCC_C_LANGUAGE_STANDARD = gnu11;
				GCC_NO_COMMON_BLOCKS = YES;
				GCC_WARN_64_TO_32_BIT_CONVERSION = YES;
				GCC_WARN_ABOUT_RETURN_TYPE = YES_ERROR;
				GCC_WARN_UNDECLARED_SELECTOR = YES;
				GCC_WARN_UNINITIALIZED_AUTOS = YES_AGGRESSIVE;
				GCC_WARN_UNUSED_FUNCTION = YES;
				GCC_WARN_UNUSED_VARIABLE = YES;
				IPHONEOS_DEPLOYMENT_TARGET = 13.4;
				MTL_ENABLE_DEBUG_INFO = NO;
				MTL_FAST_MATH = YES;
				SDKROOT = iphoneos;
				SWIFT_COMPILATION_MODE = wholemodule;
				SWIFT_OPTIMIZATION_LEVEL = "-O";
				VALIDATE_PRODUCT = YES;
			};
			name = Release;
		};
		A919EF7424406451006CF32C /* Debug */ = {
			isa = XCBuildConfiguration;
			buildSettings = {
				ASSETCATALOG_COMPILER_APPICON_NAME = AppIcon;
				CODE_SIGN_STYLE = Automatic;
				INFOPLIST_FILE = ReducerViewModel/Info.plist;
				IPHONEOS_DEPLOYMENT_TARGET = 13.0;
				LD_RUNPATH_SEARCH_PATHS = (
					"$(inherited)",
					"@executable_path/Frameworks",
				);
				PRODUCT_BUNDLE_IDENTIFIER = com.lukaskukacka.ReducerViewModel;
				PRODUCT_NAME = "$(TARGET_NAME)";
				SWIFT_VERSION = 5.0;
				TARGETED_DEVICE_FAMILY = "1,2";
			};
			name = Debug;
		};
		A919EF7524406451006CF32C /* Release */ = {
			isa = XCBuildConfiguration;
			buildSettings = {
				ASSETCATALOG_COMPILER_APPICON_NAME = AppIcon;
				CODE_SIGN_STYLE = Automatic;
				INFOPLIST_FILE = ReducerViewModel/Info.plist;
				IPHONEOS_DEPLOYMENT_TARGET = 13.0;
				LD_RUNPATH_SEARCH_PATHS = (
					"$(inherited)",
					"@executable_path/Frameworks",
				);
				PRODUCT_BUNDLE_IDENTIFIER = com.lukaskukacka.ReducerViewModel;
				PRODUCT_NAME = "$(TARGET_NAME)";
				SWIFT_VERSION = 5.0;
				TARGETED_DEVICE_FAMILY = "1,2";
			};
			name = Release;
		};
/* End XCBuildConfiguration section */

/* Begin XCConfigurationList section */
		A919EF5A2440644F006CF32C /* Build configuration list for PBXProject "ReducerViewModel" */ = {
			isa = XCConfigurationList;
			buildConfigurations = (
				A919EF7124406451006CF32C /* Debug */,
				A919EF7224406451006CF32C /* Release */,
			);
			defaultConfigurationIsVisible = 0;
			defaultConfigurationName = Release;
		};
		A919EF7324406451006CF32C /* Build configuration list for PBXNativeTarget "ReducerViewModel" */ = {
			isa = XCConfigurationList;
			buildConfigurations = (
				A919EF7424406451006CF32C /* Debug */,
				A919EF7524406451006CF32C /* Release */,
			);
			defaultConfigurationIsVisible = 0;
			defaultConfigurationName = Release;
		};
/* End XCConfigurationList section */
	};
	rootObject = A919EF572440644F006CF32C /* Project object */;
}
